
Microsoft Visual Studio Solution File, Format Version 12.00
# Visual Studio 15
VisualStudioVersion = 15.0.28307.1231
MinimumVisualStudioVersion = 10.0.40219.1
Project("{FAE04EC0-301F-11D3-BF4B-00C04F79EFBC}") = "CadastroDeEmpresa", "CadastroDeEmpresa\CadastroDeEmpresa.csproj", "{724AE4E5-2F91-4ADE-B706-95472529F476}"
EndProject
Global
	GlobalSection(SolutionConfigurationPlatforms) = preSolution
		Debug|Any CPU = Debug|Any CPU
		Release|Any CPU = Release|Any CPU
	EndGlobalSection
	GlobalSection(ProjectConfigurationPlatforms) = postSolution
		{724AE4E5-2F91-4ADE-B706-95472529F476}.Debug|Any CPU.ActiveCfg = Debug|Any CPU
		{724AE4E5-2F91-4ADE-B706-95472529F476}.Debug|Any CPU.Build.0 = Debug|Any CPU
		{724AE4E5-2F91-4ADE-B706-95472529F476}.Release|Any CPU.ActiveCfg = Release|Any CPU
		{724AE4E5-2F91-4ADE-B706-95472529F476}.Release|Any CPU.Build.0 = Release|Any CPU
	EndGlobalSection
	GlobalSection(SolutionProperties) = preSolution
		HideSolutionNode = FALSE
	EndGlobalSection
	GlobalSection(ExtensibilityGlobals) = postSolution
		SolutionGuid = {03BACC4C-B065-4990-BEFF-4177F951EBBC}
	EndGlobalSection
EndGlobal
